# This file was autogenerated by Stack.
# You should not edit this file by hand.
# For more information, please see the documentation at:
#   https://docs.haskellstack.org/en/stable/lock_files

packages:
- completed:
    hackage: telegram-api-0.6.3.0@sha256:b08b55e304ca768b1850000685fc0a3d079a88fbc86d3f63dcd9af5f94f84e82,3702
    pantry-tree:
      size: 2358
      sha256: 48d6833b4a6bea7de410923c076cdef719765c1ae2e3a20129bcb7b373920513
  original:
    hackage: telegram-api-0.6.3.0
snapshots:
- completed:
    size: 470197
    url: https://raw.githubusercontent.com/commercialhaskell/stackage-snapshots/master/lts/8/3.yaml
    sha256: f83e875855963b84174c8692de96e78c10a6b15c996efce0d85fc29af68c86f1
  original: lts-8.3
